
Microsoft Visual Studio Solution File, Format Version 12.00
# Visual Studio Version 16
VisualStudioVersion = 16.0.29403.142
MinimumVisualStudioVersion = 10.0.40219.1
Project("{9A19103F-16F7-4668-BE54-9A1E7A4F7556}") = "Wincap.IDP", "Marvin.IDP\Wincap.IDP.csproj", "{8E86CC50-06AD-4E89-90A2-8B3B3F76D685}"
EndProject
Project("{9A19103F-16F7-4668-BE54-9A1E7A4F7556}") = "BocesModule.Shared", "BocesModule.Shared\BocesModule.Shared.csproj", "{B448AB9A-E8D7-4B6F-B941-D23B819CAE47}"
EndProject
Project("{9A19103F-16F7-4668-BE54-9A1E7A4F7556}") = "BocesModule.ComponentsLibrary", "BocesModule.ComponentsLibrary\BocesModule.ComponentsLibrary.csproj", "{F76EE8DD-B6B5-475C-9613-ADA75549A3D3}"
EndProject
Project("{9A19103F-16F7-4668-BE54-9A1E7A4F7556}") = "BocesModule.Api", "BocesModule.Api\BocesModule.Api.csproj", "{ACCB78DF-0395-488A-A697-FE54E5ACF178}"
EndProject
Project("{9A19103F-16F7-4668-BE54-9A1E7A4F7556}") = "BocesModule.Server", "BocesModule.Server\BocesModule.Server.csproj", "{405288E7-F3FD-46C8-93AC-2E11936A04D5}"
EndProject
Global
	GlobalSection(SolutionConfigurationPlatforms) = preSolution
		Debug|Any CPU = Debug|Any CPU
		Release|Any CPU = Release|Any CPU
	EndGlobalSection
	GlobalSection(ProjectConfigurationPlatforms) = postSolution
		{8E86CC50-06AD-4E89-90A2-8B3B3F76D685}.Debug|Any CPU.ActiveCfg = Debug|Any CPU
		{8E86CC50-06AD-4E89-90A2-8B3B3F76D685}.Debug|Any CPU.Build.0 = Debug|Any CPU
		{8E86CC50-06AD-4E89-90A2-8B3B3F76D685}.Release|Any CPU.ActiveCfg = Release|Any CPU
		{8E86CC50-06AD-4E89-90A2-8B3B3F76D685}.Release|Any CPU.Build.0 = Release|Any CPU
		{B448AB9A-E8D7-4B6F-B941-D23B819CAE47}.Debug|Any CPU.ActiveCfg = Debug|Any CPU
		{B448AB9A-E8D7-4B6F-B941-D23B819CAE47}.Debug|Any CPU.Build.0 = Debug|Any CPU
		{B448AB9A-E8D7-4B6F-B941-D23B819CAE47}.Release|Any CPU.ActiveCfg = Release|Any CPU
		{B448AB9A-E8D7-4B6F-B941-D23B819CAE47}.Release|Any CPU.Build.0 = Release|Any CPU
		{F76EE8DD-B6B5-475C-9613-ADA75549A3D3}.Debug|Any CPU.ActiveCfg = Debug|Any CPU
		{F76EE8DD-B6B5-475C-9613-ADA75549A3D3}.Debug|Any CPU.Build.0 = Debug|Any CPU
		{F76EE8DD-B6B5-475C-9613-ADA75549A3D3}.Release|Any CPU.ActiveCfg = Release|Any CPU
		{F76EE8DD-B6B5-475C-9613-ADA75549A3D3}.Release|Any CPU.Build.0 = Release|Any CPU
		{ACCB78DF-0395-488A-A697-FE54E5ACF178}.Debug|Any CPU.ActiveCfg = Debug|Any CPU
		{ACCB78DF-0395-488A-A697-FE54E5ACF178}.Debug|Any CPU.Build.0 = Debug|Any CPU
		{ACCB78DF-0395-488A-A697-FE54E5ACF178}.Release|Any CPU.ActiveCfg = Release|Any CPU
		{ACCB78DF-0395-488A-A697-FE54E5ACF178}.Release|Any CPU.Build.0 = Release|Any CPU
		{405288E7-F3FD-46C8-93AC-2E11936A04D5}.Debug|Any CPU.ActiveCfg = Debug|Any CPU
		{405288E7-F3FD-46C8-93AC-2E11936A04D5}.Debug|Any CPU.Build.0 = Debug|Any CPU
		{405288E7-F3FD-46C8-93AC-2E11936A04D5}.Release|Any CPU.ActiveCfg = Release|Any CPU
		{405288E7-F3FD-46C8-93AC-2E11936A04D5}.Release|Any CPU.Build.0 = Release|Any CPU
	EndGlobalSection
	GlobalSection(SolutionProperties) = preSolution
		HideSolutionNode = FALSE
	EndGlobalSection
	GlobalSection(ExtensibilityGlobals) = postSolution
		SolutionGuid = {8FAD6A7F-346C-4B06-9840-20E884BDEB91}
	EndGlobalSection
EndGlobal
